
Microsoft Visual Studio Solution File, Format Version 12.00
# Visual Studio Version 16
VisualStudioVersion = 16.0.30611.23
MinimumVisualStudioVersion = 10.0.40219.1
Project("{FAE04EC0-301F-11D3-BF4B-00C04F79EFBC}") = "MatrixMultiply", "MatrixMultiply\MatrixMultiply.csproj", "{5E5027DD-21C6-4161-833F-58B536B3F22A}"
EndProject
Global
	GlobalSection(SolutionConfigurationPlatforms) = preSolution
		Debug|Any CPU = Debug|Any CPU
		Debug|x64 = Debug|x64
		Release|Any CPU = Release|Any CPU
		Release|x64 = Release|x64
	EndGlobalSection
	GlobalSection(ProjectConfigurationPlatforms) = postSolution
		{5E5027DD-21C6-4161-833F-58B536B3F22A}.Debug|Any CPU.ActiveCfg = Debug|Any CPU
		{5E5027DD-21C6-4161-833F-58B536B3F22A}.Debug|Any CPU.Build.0 = Debug|Any CPU
		{5E5027DD-21C6-4161-833F-58B536B3F22A}.Debug|x64.ActiveCfg = Debug|x64
		{5E5027DD-21C6-4161-833F-58B536B3F22A}.Debug|x64.Build.0 = Debug|x64
		{5E5027DD-21C6-4161-833F-58B536B3F22A}.Release|Any CPU.ActiveCfg = Release|Any CPU
		{5E5027DD-21C6-4161-833F-58B536B3F22A}.Release|Any CPU.Build.0 = Release|Any CPU
		{5E5027DD-21C6-4161-833F-58B536B3F22A}.Release|x64.ActiveCfg = Release|x64
		{5E5027DD-21C6-4161-833F-58B536B3F22A}.Release|x64.Build.0 = Release|x64
	EndGlobalSection
	GlobalSection(SolutionProperties) = preSolution
		HideSolutionNode = FALSE
	EndGlobalSection
	GlobalSection(ExtensibilityGlobals) = postSolution
		SolutionGuid = {37860044-9D7A-419C-8CF4-D5B03756F1EE}
	EndGlobalSection
EndGlobal
